{
  "name": "dreamscreen-node",
  "version": "0.0.4",
  "lockfileVersion": 1,
  "requires": true,
  "dependencies": {
    "eventemitter3": {
      "version": "3.0.1",
      "resolved": "https://registry.npmjs.org/eventemitter3/-/eventemitter3-3.0.1.tgz",
      "integrity": "sha512-QOCPu979MMWX9XNlfRZoin+Wm+bK1SP7vv3NGUniYwuSJK/+cPA10blMaeRgzg31RvoSFk6FsCDVa4vNryBTGA=="
    },
    "lodash": {
      "version": "4.17.19",
      "resolved": "https://registry.npmjs.org/lodash/-/lodash-4.17.19.tgz",
      "integrity": "sha512-JNvd8XER9GQX0v2qJgsaN/mzFCNA5BRe/j8JN9d+tWyGLSodKQHKFicdwNYzWwI3wjRnaKPsGj1XkBjx/F96DQ=="
    }
  }
}
