{
  "name": "dreamscreen-node",
  "version": "0.0.3",
  "lockfileVersion": 1,
  "requires": true,
  "dependencies": {
    "eventemitter3": {
      "version": "3.0.1",
      "resolved": "https://registry.npmjs.org/eventemitter3/-/eventemitter3-3.0.1.tgz",
      "integrity": "sha512-QOCPu979MMWX9XNlfRZoin+Wm+bK1SP7vv3NGUniYwuSJK/+cPA10blMaeRgzg31RvoSFk6FsCDVa4vNryBTGA=="
    },
    "lodash": {
      "version": "4.17.5",
      "resolved": "https://registry.npmjs.org/lodash/-/lodash-4.17.5.tgz",
      "integrity": "sha512-svL3uiZf1RwhH+cWrfZn3A4+U58wbP0tGVTLQPbjplZxZ8ROD9VLuNgsRniTlLe7OlSqR79RUehXgpBW/s0IQw=="
    }
  }
}
